// !$*UTF8*$!
{
	archiveVersion = 1;
	classes = {
	};
	objectVersion = 77;
	objects = {

/* Begin PBXBuildFile section */
		EFD3C14D2DA75F5E00036D36 /* AboutView.swift in Sources */ = {isa = PBXBuildFile; fileRef = EFD3C14A2DA75F5E00036D36 /* AboutView.swift */; };
		EFD3C14E2DA75F5E00036D36 /* FinanceDarkApp.swift in Sources */ = {isa = PBXBuildFile; fileRef = EFD3C14B2DA75F5E00036D36 /* FinanceDarkApp.swift */; };
		EFD3C14F2DA75F5E00036D36 /* Preview Assets.xcassets in Resources */ = {isa = PBXBuildFile; fileRef = EFD3C1472DA75F5E00036D36 /* Preview Assets.xcassets */; };
		EFD3C1502DA75F5E00036D36 /* Assets.xcassets in Resources */ = {isa = PBXBuildFile; fileRef = EFD3C1492DA75F5E00036D36 /* Assets.xcassets */; };
		EFD3C1522DA761A000036D36 /* ColorConstants.swift in Sources */ = {isa = PBXBuildFile; fileRef = EFD3C1512DA761A000036D36 /* ColorConstants.swift */; };
		EFD3C1552DA76C1000036D36 /* CreditCardView.swift in Sources */ = {isa = PBXBuildFile; fileRef = EFD3C1542DA76C0F00036D36 /* CreditCardView.swift */; };
		EFD3C1572DA7773C00036D36 /* CreditCardPageView.swift in Sources */ = {isa = PBXBuildFile; fileRef = EFD3C1562DA7773C00036D36 /* CreditCardPageView.swift */; };
		EFD3C1592DA779A400036D36 /* YourCardsView.swift in Sources */ = {isa = PBXBuildFile; fileRef = EFD3C1582DA779A400036D36 /* YourCardsView.swift */; };
		EFD3C15B2DA77DD300036D36 /* TopView.swift in Sources */ = {isa = PBXBuildFile; fileRef = EFD3C15A2DA77DD300036D36 /* TopView.swift */; };
		EFD3C15F2DA780B300036D36 /* TransactionView.swift in Sources */ = {isa = PBXBuildFile; fileRef = EFD3C15E2DA780B300036D36 /* TransactionView.swift */; };
		EFD3C1622DA7979400036D36 /* YourBalanceView.swift in Sources */ = {isa = PBXBuildFile; fileRef = EFD3C1612DA7979400036D36 /* YourBalanceView.swift */; };
		EFD3C1642DA7A74500036D36 /* FillBarView.swift in Sources */ = {isa = PBXBuildFile; fileRef = EFD3C1632DA7A74500036D36 /* FillBarView.swift */; };
/* End PBXBuildFile section */

/* Begin PBXFileReference section */
		EFD3C1362DA75F5600036D36 /* FinanceDark.app */ = {isa = PBXFileReference; explicitFileType = wrapper.application; includeInIndex = 0; path = FinanceDark.app; sourceTree = BUILT_PRODUCTS_DIR; };
		EFD3C1472DA75F5E00036D36 /* Preview Assets.xcassets */ = {isa = PBXFileReference; lastKnownFileType = folder.assetcatalog; path = "Preview Assets.xcassets"; sourceTree = "<group>"; };
		EFD3C1492DA75F5E00036D36 /* Assets.xcassets */ = {isa = PBXFileReference; lastKnownFileType = folder.assetcatalog; path = Assets.xcassets; sourceTree = "<group>"; };
		EFD3C14A2DA75F5E00036D36 /* AboutView.swift */ = {isa = PBXFileReference; lastKnownFileType = sourcecode.swift; path = AboutView.swift; sourceTree = "<group>"; };
		EFD3C14B2DA75F5E00036D36 /* FinanceDarkApp.swift */ = {isa = PBXFileReference; lastKnownFileType = sourcecode.swift; path = FinanceDarkApp.swift; sourceTree = "<group>"; };
		EFD3C1512DA761A000036D36 /* ColorConstants.swift */ = {isa = PBXFileReference; lastKnownFileType = sourcecode.swift; path = ColorConstants.swift; sourceTree = "<group>"; };
		EFD3C1542DA76C0F00036D36 /* CreditCardView.swift */ = {isa = PBXFileReference; lastKnownFileType = sourcecode.swift; path = CreditCardView.swift; sourceTree = "<group>"; };
		EFD3C1562DA7773C00036D36 /* CreditCardPageView.swift */ = {isa = PBXFileReference; lastKnownFileType = sourcecode.swift; path = CreditCardPageView.swift; sourceTree = "<group>"; };
		EFD3C1582DA779A400036D36 /* YourCardsView.swift */ = {isa = PBXFileReference; lastKnownFileType = sourcecode.swift; path = YourCardsView.swift; sourceTree = "<group>"; };
		EFD3C15A2DA77DD300036D36 /* TopView.swift */ = {isa = PBXFileReference; lastKnownFileType = sourcecode.swift; path = TopView.swift; sourceTree = "<group>"; };
		EFD3C15E2DA780B300036D36 /* TransactionView.swift */ = {isa = PBXFileReference; lastKnownFileType = sourcecode.swift; path = TransactionView.swift; sourceTree = "<group>"; };
		EFD3C1612DA7979400036D36 /* YourBalanceView.swift */ = {isa = PBXFileReference; lastKnownFileType = sourcecode.swift; path = YourBalanceView.swift; sourceTree = "<group>"; };
		EFD3C1632DA7A74500036D36 /* FillBarView.swift */ = {isa = PBXFileReference; lastKnownFileType = sourcecode.swift; path = FillBarView.swift; sourceTree = "<group>"; };
/* End PBXFileReference section */

/* Begin PBXFrameworksBuildPhase section */
		EFD3C1332DA75F5600036D36 /* Frameworks */ = {
			isa = PBXFrameworksBuildPhase;
			buildActionMask = 2147483647;
			files = (
			);
			runOnlyForDeploymentPostprocessing = 0;
		};
/* End PBXFrameworksBuildPhase section */

/* Begin PBXGroup section */
		EFD3C12D2DA75F5600036D36 = {
			isa = PBXGroup;
			children = (
				EFD3C14C2DA75F5E00036D36 /* FinanceDark */,
				EFD3C1372DA75F5600036D36 /* Products */,
			);
			sourceTree = "<group>";
		};
		EFD3C1372DA75F5600036D36 /* Products */ = {
			isa = PBXGroup;
			children = (
				EFD3C1362DA75F5600036D36 /* FinanceDark.app */,
			);
			name = Products;
			sourceTree = "<group>";
		};
		EFD3C1482DA75F5E00036D36 /* Preview Content */ = {
			isa = PBXGroup;
			children = (
				EFD3C1472DA75F5E00036D36 /* Preview Assets.xcassets */,
			);
			path = "Preview Content";
			sourceTree = "<group>";
		};
		EFD3C14C2DA75F5E00036D36 /* FinanceDark */ = {
			isa = PBXGroup;
			children = (
				EFD3C1512DA761A000036D36 /* ColorConstants.swift */,
				EFD3C1532DA76BF900036D36 /* View */,
				EFD3C14B2DA75F5E00036D36 /* FinanceDarkApp.swift */,
				EFD3C1492DA75F5E00036D36 /* Assets.xcassets */,
				EFD3C1482DA75F5E00036D36 /* Preview Content */,
			);
			path = FinanceDark;
			sourceTree = "<group>";
		};
		EFD3C1532DA76BF900036D36 /* View */ = {
			isa = PBXGroup;
			children = (
				EFD3C1602DA7978100036D36 /* Balance */,
				EFD3C15C2DA7807000036D36 /* About */,
				EFD3C15D2DA7808600036D36 /* CreditCard */,
			);
			path = View;
			sourceTree = "<group>";
		};
		EFD3C15C2DA7807000036D36 /* About */ = {
			isa = PBXGroup;
			children = (
				EFD3C14A2DA75F5E00036D36 /* AboutView.swift */,
			);
			path = About;
			sourceTree = "<group>";
		};
		EFD3C15D2DA7808600036D36 /* CreditCard */ = {
			isa = PBXGroup;
			children = (
				EFD3C1542DA76C0F00036D36 /* CreditCardView.swift */,
				EFD3C1562DA7773C00036D36 /* CreditCardPageView.swift */,
				EFD3C1582DA779A400036D36 /* YourCardsView.swift */,
				EFD3C15A2DA77DD300036D36 /* TopView.swift */,
				EFD3C15E2DA780B300036D36 /* TransactionView.swift */,
			);
			path = CreditCard;
			sourceTree = "<group>";
		};
		EFD3C1602DA7978100036D36 /* Balance */ = {
			isa = PBXGroup;
			children = (
				EFD3C1612DA7979400036D36 /* YourBalanceView.swift */,
				EFD3C1632DA7A74500036D36 /* FillBarView.swift */,
			);
			path = Balance;
			sourceTree = "<group>";
		};
/* End PBXGroup section */

/* Begin PBXNativeTarget section */
		EFD3C1352DA75F5600036D36 /* FinanceDark */ = {
			isa = PBXNativeTarget;
			buildConfigurationList = EFD3C1442DA75F5700036D36 /* Build configuration list for PBXNativeTarget "FinanceDark" */;
			buildPhases = (
				EFD3C1322DA75F5600036D36 /* Sources */,
				EFD3C1332DA75F5600036D36 /* Frameworks */,
				EFD3C1342DA75F5600036D36 /* Resources */,
			);
			buildRules = (
			);
			dependencies = (
			);
			name = FinanceDark;
			packageProductDependencies = (
			);
			productName = FinanceDark;
			productReference = EFD3C1362DA75F5600036D36 /* FinanceDark.app */;
			productType = "com.apple.product-type.application";
		};
/* End PBXNativeTarget section */

/* Begin PBXProject section */
		EFD3C12E2DA75F5600036D36 /* Project object */ = {
			isa = PBXProject;
			attributes = {
				BuildIndependentTargetsInParallel = 1;
				LastSwiftUpdateCheck = 1620;
				LastUpgradeCheck = 1620;
				TargetAttributes = {
					EFD3C1352DA75F5600036D36 = {
						CreatedOnToolsVersion = 16.2;
					};
				};
			};
			buildConfigurationList = EFD3C1312DA75F5600036D36 /* Build configuration list for PBXProject "FinanceDark" */;
			developmentRegion = en;
			hasScannedForEncodings = 0;
			knownRegions = (
				en,
				Base,
			);
			mainGroup = EFD3C12D2DA75F5600036D36;
			minimizedProjectReferenceProxies = 1;
			preferredProjectObjectVersion = 77;
			productRefGroup = EFD3C1372DA75F5600036D36 /* Products */;
			projectDirPath = "";
			projectRoot = "";
			targets = (
				EFD3C1352DA75F5600036D36 /* FinanceDark */,
			);
		};
/* End PBXProject section */

/* Begin PBXResourcesBuildPhase section */
		EFD3C1342DA75F5600036D36 /* Resources */ = {
			isa = PBXResourcesBuildPhase;
			buildActionMask = 2147483647;
			files = (
				EFD3C14F2DA75F5E00036D36 /* Preview Assets.xcassets in Resources */,
				EFD3C1502DA75F5E00036D36 /* Assets.xcassets in Resources */,
			);
			runOnlyForDeploymentPostprocessing = 0;
		};
/* End PBXResourcesBuildPhase section */

/* Begin PBXSourcesBuildPhase section */
		EFD3C1322DA75F5600036D36 /* Sources */ = {
			isa = PBXSourcesBuildPhase;
			buildActionMask = 2147483647;
			files = (
				EFD3C15B2DA77DD300036D36 /* TopView.swift in Sources */,
				EFD3C15F2DA780B300036D36 /* TransactionView.swift in Sources */,
				EFD3C1522DA761A000036D36 /* ColorConstants.swift in Sources */,
				EFD3C1622DA7979400036D36 /* YourBalanceView.swift in Sources */,
				EFD3C1572DA7773C00036D36 /* CreditCardPageView.swift in Sources */,
				EFD3C14D2DA75F5E00036D36 /* AboutView.swift in Sources */,
				EFD3C1592DA779A400036D36 /* YourCardsView.swift in Sources */,
				EFD3C14E2DA75F5E00036D36 /* FinanceDarkApp.swift in Sources */,
				EFD3C1552DA76C1000036D36 /* CreditCardView.swift in Sources */,
				EFD3C1642DA7A74500036D36 /* FillBarView.swift in Sources */,
			);
			runOnlyForDeploymentPostprocessing = 0;
		};
/* End PBXSourcesBuildPhase section */

/* Begin XCBuildConfiguration section */
		EFD3C1422DA75F5700036D36 /* Debug */ = {
			isa = XCBuildConfiguration;
			buildSettings = {
				ALWAYS_SEARCH_USER_PATHS = NO;
				ASSETCATALOG_COMPILER_GENERATE_SWIFT_ASSET_SYMBOL_EXTENSIONS = YES;
				CLANG_ANALYZER_NONNULL = YES;
				CLANG_ANALYZER_NUMBER_OBJECT_CONVERSION = YES_AGGRESSIVE;
				CLANG_CXX_LANGUAGE_STANDARD = "gnu++20";
				CLANG_ENABLE_MODULES = YES;
				CLANG_ENABLE_OBJC_ARC = YES;
				CLANG_ENABLE_OBJC_WEAK = YES;
				CLANG_WARN_BLOCK_CAPTURE_AUTORELEASING = YES;
				CLANG_WARN_BOOL_CONVERSION = YES;
				CLANG_WARN_COMMA = YES;
				CLANG_WARN_CONSTANT_CONVERSION = YES;
				CLANG_WARN_DEPRECATED_OBJC_IMPLEMENTATIONS = YES;
				CLANG_WARN_DIRECT_OBJC_ISA_USAGE = YES_ERROR;
				CLANG_WARN_DOCUMENTATION_COMMENTS = YES;
				CLANG_WARN_EMPTY_BODY = YES;
				CLANG_WARN_ENUM_CONVERSION = YES;
				CLANG_WARN_INFINITE_RECURSION = YES;
				CLANG_WARN_INT_CONVERSION = YES;
				CLANG_WARN_NON_LITERAL_NULL_CONVERSION = YES;
				CLANG_WARN_OBJC_IMPLICIT_RETAIN_SELF = YES;
				CLANG_WARN_OBJC_LITERAL_CONVERSION = YES;
				CLANG_WARN_OBJC_ROOT_CLASS = YES_ERROR;
				CLANG_WARN_QUOTED_INCLUDE_IN_FRAMEWORK_HEADER = YES;
				CLANG_WARN_RANGE_LOOP_ANALYSIS = YES;
				CLANG_WARN_STRICT_PROTOTYPES = YES;
				CLANG_WARN_SUSPICIOUS_MOVE = YES;
				CLANG_WARN_UNGUARDED_AVAILABILITY = YES_AGGRESSIVE;
				CLANG_WARN_UNREACHABLE_CODE = YES;
				CLANG_WARN__DUPLICATE_METHOD_MATCH = YES;
				COPY_PHASE_STRIP = NO;
				DEBUG_INFORMATION_FORMAT = dwarf;
				ENABLE_STRICT_OBJC_MSGSEND = YES;
				ENABLE_TESTABILITY = YES;
				ENABLE_USER_SCRIPT_SANDBOXING = YES;
				GCC_C_LANGUAGE_STANDARD = gnu17;
				GCC_DYNAMIC_NO_PIC = NO;
				GCC_NO_COMMON_BLOCKS = YES;
				GCC_OPTIMIZATION_LEVEL = 0;
				GCC_PREPROCESSOR_DEFINITIONS = (
					"DEBUG=1",
					"$(inherited)",
				);
				GCC_WARN_64_TO_32_BIT_CONVERSION = YES;
				GCC_WARN_ABOUT_RETURN_TYPE = YES_ERROR;
				GCC_WARN_UNDECLARED_SELECTOR = YES;
				GCC_WARN_UNINITIALIZED_AUTOS = YES_AGGRESSIVE;
				GCC_WARN_UNUSED_FUNCTION = YES;
				GCC_WARN_UNUSED_VARIABLE = YES;
				IPHONEOS_DEPLOYMENT_TARGET = 18.2;
				LOCALIZATION_PREFERS_STRING_CATALOGS = YES;
				MTL_ENABLE_DEBUG_INFO = INCLUDE_SOURCE;
				MTL_FAST_MATH = YES;
				ONLY_ACTIVE_ARCH = YES;
				SDKROOT = iphoneos;
				SWIFT_ACTIVE_COMPILATION_CONDITIONS = "DEBUG $(inherited)";
				SWIFT_OPTIMIZATION_LEVEL = "-Onone";
			};
			name = Debug;
		};
		EFD3C1432DA75F5700036D36 /* Release */ = {
			isa = XCBuildConfiguration;
			buildSettings = {
				ALWAYS_SEARCH_USER_PATHS = NO;
				ASSETCATALOG_COMPILER_GENERATE_SWIFT_ASSET_SYMBOL_EXTENSIONS = YES;
				CLANG_ANALYZER_NONNULL = YES;
				CLANG_ANALYZER_NUMBER_OBJECT_CONVERSION = YES_AGGRESSIVE;
				CLANG_CXX_LANGUAGE_STANDARD = "gnu++20";
				CLANG_ENABLE_MODULES = YES;
				CLANG_ENABLE_OBJC_ARC = YES;
				CLANG_ENABLE_OBJC_WEAK = YES;
				CLANG_WARN_BLOCK_CAPTURE_AUTORELEASING = YES;
				CLANG_WARN_BOOL_CONVERSION = YES;
				CLANG_WARN_COMMA = YES;
				CLANG_WARN_CONSTANT_CONVERSION = YES;
				CLANG_WARN_DEPRECATED_OBJC_IMPLEMENTATIONS = YES;
				CLANG_WARN_DIRECT_OBJC_ISA_USAGE = YES_ERROR;
				CLANG_WARN_DOCUMENTATION_COMMENTS = YES;
				CLANG_WARN_EMPTY_BODY = YES;
				CLANG_WARN_ENUM_CONVERSION = YES;
				CLANG_WARN_INFINITE_RECURSION = YES;
				CLANG_WARN_INT_CONVERSION = YES;
				CLANG_WARN_NON_LITERAL_NULL_CONVERSION = YES;
				CLANG_WARN_OBJC_IMPLICIT_RETAIN_SELF = YES;
				CLANG_WARN_OBJC_LITERAL_CONVERSION = YES;
				CLANG_WARN_OBJC_ROOT_CLASS = YES_ERROR;
				CLANG_WARN_QUOTED_INCLUDE_IN_FRAMEWORK_HEADER = YES;
				CLANG_WARN_RANGE_LOOP_ANALYSIS = YES;
				CLANG_WARN_STRICT_PROTOTYPES = YES;
				CLANG_WARN_SUSPICIOUS_MOVE = YES;
				CLANG_WARN_UNGUARDED_AVAILABILITY = YES_AGGRESSIVE;
				CLANG_WARN_UNREACHABLE_CODE = YES;
				CLANG_WARN__DUPLICATE_METHOD_MATCH = YES;
				COPY_PHASE_STRIP = NO;
				DEBUG_INFORMATION_FORMAT = "dwarf-with-dsym";
				ENABLE_NS_ASSERTIONS = NO;
				ENABLE_STRICT_OBJC_MSGSEND = YES;
				ENABLE_USER_SCRIPT_SANDBOXING = YES;
				GCC_C_LANGUAGE_STANDARD = gnu17;
				GCC_NO_COMMON_BLOCKS = YES;
				GCC_WARN_64_TO_32_BIT_CONVERSION = YES;
				GCC_WARN_ABOUT_RETURN_TYPE = YES_ERROR;
				GCC_WARN_UNDECLARED_SELECTOR = YES;
				GCC_WARN_UNINITIALIZED_AUTOS = YES_AGGRESSIVE;
				GCC_WARN_UNUSED_FUNCTION = YES;
				GCC_WARN_UNUSED_VARIABLE = YES;
				IPHONEOS_DEPLOYMENT_TARGET = 18.2;
				LOCALIZATION_PREFERS_STRING_CATALOGS = YES;
				MTL_ENABLE_DEBUG_INFO = NO;
				MTL_FAST_MATH = YES;
				SDKROOT = iphoneos;
				SWIFT_COMPILATION_MODE = wholemodule;
				VALIDATE_PRODUCT = YES;
			};
			name = Release;
		};
		EFD3C1452DA75F5700036D36 /* Debug */ = {
			isa = XCBuildConfiguration;
			buildSettings = {
				ASSETCATALOG_COMPILER_APPICON_NAME = AppIcon;
				ASSETCATALOG_COMPILER_GLOBAL_ACCENT_COLOR_NAME = AccentColor;
				CODE_SIGN_STYLE = Automatic;
				CURRENT_PROJECT_VERSION = 1;
				DEVELOPMENT_ASSET_PATHS = "\"FinanceDark/Preview Content\"";
				DEVELOPMENT_TEAM = T9MD4URZFH;
				ENABLE_PREVIEWS = YES;
				GENERATE_INFOPLIST_FILE = YES;
				INFOPLIST_KEY_UIApplicationSceneManifest_Generation = YES;
				INFOPLIST_KEY_UIApplicationSupportsIndirectInputEvents = YES;
				INFOPLIST_KEY_UILaunchScreen_Generation = YES;
				INFOPLIST_KEY_UISupportedInterfaceOrientations_iPad = "UIInterfaceOrientationPortrait UIInterfaceOrientationPortraitUpsideDown UIInterfaceOrientationLandscapeLeft UIInterfaceOrientationLandscapeRight";
				INFOPLIST_KEY_UISupportedInterfaceOrientations_iPhone = "UIInterfaceOrientationPortrait UIInterfaceOrientationLandscapeLeft UIInterfaceOrientationLandscapeRight";
				LD_RUNPATH_SEARCH_PATHS = (
					"$(inherited)",
					"@executable_path/Frameworks",
				);
				MARKETING_VERSION = 1.0;
				PRODUCT_BUNDLE_IDENTIFIER = com.superkookai.FinanceDark;
				PRODUCT_NAME = "$(TARGET_NAME)";
				SWIFT_EMIT_LOC_STRINGS = YES;
				SWIFT_VERSION = 5.0;
				TARGETED_DEVICE_FAMILY = "1,2";
			};
			name = Debug;
		};
		EFD3C1462DA75F5700036D36 /* Release */ = {
			isa = XCBuildConfiguration;
			buildSettings = {
				ASSETCATALOG_COMPILER_APPICON_NAME = AppIcon;
				ASSETCATALOG_COMPILER_GLOBAL_ACCENT_COLOR_NAME = AccentColor;
				CODE_SIGN_STYLE = Automatic;
				CURRENT_PROJECT_VERSION = 1;
				DEVELOPMENT_ASSET_PATHS = "\"FinanceDark/Preview Content\"";
				DEVELOPMENT_TEAM = T9MD4URZFH;
				ENABLE_PREVIEWS = YES;
				GENERATE_INFOPLIST_FILE = YES;
				INFOPLIST_KEY_UIApplicationSceneManifest_Generation = YES;
				INFOPLIST_KEY_UIApplicationSupportsIndirectInputEvents = YES;
				INFOPLIST_KEY_UILaunchScreen_Generation = YES;
				INFOPLIST_KEY_UISupportedInterfaceOrientations_iPad = "UIInterfaceOrientationPortrait UIInterfaceOrientationPortraitUpsideDown UIInterfaceOrientationLandscapeLeft UIInterfaceOrientationLandscapeRight";
				INFOPLIST_KEY_UISupportedInterfaceOrientations_iPhone = "UIInterfaceOrientationPortrait UIInterfaceOrientationLandscapeLeft UIInterfaceOrientationLandscapeRight";
				LD_RUNPATH_SEARCH_PATHS = (
					"$(inherited)",
					"@executable_path/Frameworks",
				);
				MARKETING_VERSION = 1.0;
				PRODUCT_BUNDLE_IDENTIFIER = com.superkookai.FinanceDark;
				PRODUCT_NAME = "$(TARGET_NAME)";
				SWIFT_EMIT_LOC_STRINGS = YES;
				SWIFT_VERSION = 5.0;
				TARGETED_DEVICE_FAMILY = "1,2";
			};
			name = Release;
		};
/* End XCBuildConfiguration section */

/* Begin XCConfigurationList section */
		EFD3C1312DA75F5600036D36 /* Build configuration list for PBXProject "FinanceDark" */ = {
			isa = XCConfigurationList;
			buildConfigurations = (
				EFD3C1422DA75F5700036D36 /* Debug */,
				EFD3C1432DA75F5700036D36 /* Release */,
			);
			defaultConfigurationIsVisible = 0;
			defaultConfigurationName = Release;
		};
		EFD3C1442DA75F5700036D36 /* Build configuration list for PBXNativeTarget "FinanceDark" */ = {
			isa = XCConfigurationList;
			buildConfigurations = (
				EFD3C1452DA75F5700036D36 /* Debug */,
				EFD3C1462DA75F5700036D36 /* Release */,
			);
			defaultConfigurationIsVisible = 0;
			defaultConfigurationName = Release;
		};
/* End XCConfigurationList section */
	};
	rootObject = EFD3C12E2DA75F5600036D36 /* Project object */;
}
